
Microsoft Visual Studio Solution File, Format Version 12.00
# Visual Studio Version 17
Project("{2150E333-8FDC-42A3-9474-1A3956D46DE8}") = "Apps", "Apps", "{F6409380-7FD7-346C-B5FA-7B18AB9548A3}"
EndProject
Project("{2150E333-8FDC-42A3-9474-1A3956D46DE8}") = "CMakePredefinedTargets", "CMakePredefinedTargets", "{EAFED9F1-8D47-39B7-8039-C442C1FE5F87}"
EndProject
Project("{8BC9CEB8-8B4A-11D0-8D11-00A0C91BC942}") = "ALL_BUILD", "ALL_BUILD.vcxproj", "{AF6B799B-740E-3FFF-B622-6C832D98825C}"
	ProjectSection(ProjectDependencies) = postProject
		{2633264E-99FC-37DE-A62C-0F18CBA00228} = {2633264E-99FC-37DE-A62C-0F18CBA00228}
		{0D5C4D15-0308-3DB8-9422-B66CF41536D8} = {0D5C4D15-0308-3DB8-9422-B66CF41536D8}
		{B0007357-D822-3908-A2BE-E147EA7CDA34} = {B0007357-D822-3908-A2BE-E147EA7CDA34}
	EndProjectSection
EndProject
Project("{8BC9CEB8-8B4A-11D0-8D11-00A0C91BC942}") = "Engine", "Engine\Engine.vcxproj", "{2633264E-99FC-37DE-A62C-0F18CBA00228}"
	ProjectSection(ProjectDependencies) = postProject
		{B0007357-D822-3908-A2BE-E147EA7CDA34} = {B0007357-D822-3908-A2BE-E147EA7CDA34}
	EndProjectSection
EndProject
Project("{8BC9CEB8-8B4A-11D0-8D11-00A0C91BC942}") = "Test", "Apps\Test\Test.vcxproj", "{0D5C4D15-0308-3DB8-9422-B66CF41536D8}"
	ProjectSection(ProjectDependencies) = postProject
		{2633264E-99FC-37DE-A62C-0F18CBA00228} = {2633264E-99FC-37DE-A62C-0F18CBA00228}
		{B0007357-D822-3908-A2BE-E147EA7CDA34} = {B0007357-D822-3908-A2BE-E147EA7CDA34}
	EndProjectSection
EndProject
Project("{8BC9CEB8-8B4A-11D0-8D11-00A0C91BC942}") = "ZERO_CHECK", "ZERO_CHECK.vcxproj", "{B0007357-D822-3908-A2BE-E147EA7CDA34}"
	ProjectSection(ProjectDependencies) = postProject
	EndProjectSection
EndProject
Global
	GlobalSection(SolutionConfigurationPlatforms) = preSolution
		Debug|x64 = Debug|x64
		Release|x64 = Release|x64
		MinSizeRel|x64 = MinSizeRel|x64
		RelWithDebInfo|x64 = RelWithDebInfo|x64
	EndGlobalSection
	GlobalSection(ProjectConfigurationPlatforms) = postSolution
		{AF6B799B-740E-3FFF-B622-6C832D98825C}.Debug|x64.ActiveCfg = Debug|x64
		{AF6B799B-740E-3FFF-B622-6C832D98825C}.Release|x64.ActiveCfg = Release|x64
		{AF6B799B-740E-3FFF-B622-6C832D98825C}.MinSizeRel|x64.ActiveCfg = MinSizeRel|x64
		{AF6B799B-740E-3FFF-B622-6C832D98825C}.RelWithDebInfo|x64.ActiveCfg = RelWithDebInfo|x64
		{2633264E-99FC-37DE-A62C-0F18CBA00228}.Debug|x64.ActiveCfg = Debug|x64
		{2633264E-99FC-37DE-A62C-0F18CBA00228}.Debug|x64.Build.0 = Debug|x64
		{2633264E-99FC-37DE-A62C-0F18CBA00228}.Release|x64.ActiveCfg = Release|x64
		{2633264E-99FC-37DE-A62C-0F18CBA00228}.Release|x64.Build.0 = Release|x64
		{2633264E-99FC-37DE-A62C-0F18CBA00228}.MinSizeRel|x64.ActiveCfg = MinSizeRel|x64
		{2633264E-99FC-37DE-A62C-0F18CBA00228}.MinSizeRel|x64.Build.0 = MinSizeRel|x64
		{2633264E-99FC-37DE-A62C-0F18CBA00228}.RelWithDebInfo|x64.ActiveCfg = RelWithDebInfo|x64
		{2633264E-99FC-37DE-A62C-0F18CBA00228}.RelWithDebInfo|x64.Build.0 = RelWithDebInfo|x64
		{0D5C4D15-0308-3DB8-9422-B66CF41536D8}.Debug|x64.ActiveCfg = Debug|x64
		{0D5C4D15-0308-3DB8-9422-B66CF41536D8}.Debug|x64.Build.0 = Debug|x64
		{0D5C4D15-0308-3DB8-9422-B66CF41536D8}.Release|x64.ActiveCfg = Release|x64
		{0D5C4D15-0308-3DB8-9422-B66CF41536D8}.Release|x64.Build.0 = Release|x64
		{0D5C4D15-0308-3DB8-9422-B66CF41536D8}.MinSizeRel|x64.ActiveCfg = MinSizeRel|x64
		{0D5C4D15-0308-3DB8-9422-B66CF41536D8}.MinSizeRel|x64.Build.0 = MinSizeRel|x64
		{0D5C4D15-0308-3DB8-9422-B66CF41536D8}.RelWithDebInfo|x64.ActiveCfg = RelWithDebInfo|x64
		{0D5C4D15-0308-3DB8-9422-B66CF41536D8}.RelWithDebInfo|x64.Build.0 = RelWithDebInfo|x64
		{B0007357-D822-3908-A2BE-E147EA7CDA34}.Debug|x64.ActiveCfg = Debug|x64
		{B0007357-D822-3908-A2BE-E147EA7CDA34}.Debug|x64.Build.0 = Debug|x64
		{B0007357-D822-3908-A2BE-E147EA7CDA34}.Release|x64.ActiveCfg = Release|x64
		{B0007357-D822-3908-A2BE-E147EA7CDA34}.Release|x64.Build.0 = Release|x64
		{B0007357-D822-3908-A2BE-E147EA7CDA34}.MinSizeRel|x64.ActiveCfg = MinSizeRel|x64
		{B0007357-D822-3908-A2BE-E147EA7CDA34}.MinSizeRel|x64.Build.0 = MinSizeRel|x64
		{B0007357-D822-3908-A2BE-E147EA7CDA34}.RelWithDebInfo|x64.ActiveCfg = RelWithDebInfo|x64
		{B0007357-D822-3908-A2BE-E147EA7CDA34}.RelWithDebInfo|x64.Build.0 = RelWithDebInfo|x64
	EndGlobalSection
	GlobalSection(NestedProjects) = preSolution
		{0D5C4D15-0308-3DB8-9422-B66CF41536D8} = {F6409380-7FD7-346C-B5FA-7B18AB9548A3}
		{AF6B799B-740E-3FFF-B622-6C832D98825C} = {EAFED9F1-8D47-39B7-8039-C442C1FE5F87}
		{B0007357-D822-3908-A2BE-E147EA7CDA34} = {EAFED9F1-8D47-39B7-8039-C442C1FE5F87}
	EndGlobalSection
	GlobalSection(ExtensibilityGlobals) = postSolution
		SolutionGuid = {391A72E9-793A-307E-920E-C052E38EFC27}
	EndGlobalSection
	GlobalSection(ExtensibilityAddIns) = postSolution
	EndGlobalSection
EndGlobal
