<?xml version="1.0" encoding="utf-8"?>
<Project ToolsVersion="4.0" xmlns="http://schemas.microsoft.com/developer/msbuild/2003">
  <ItemGroup>
    <ClCompile Include="Application.cpp" />
    <ClCompile Include="FileSystem.cpp" />
    <ClCompile Include="InputSystem.cpp" />
    <ClCompile Include="LogSystem.cpp" />
    <ClCompile Include="Stdafx.cpp" />
    <ClCompile Include="Core\Color.cpp">
      <Filter>Core</Filter>
    </ClCompile>
    <ClCompile Include="Core\Hash.cpp">
      <Filter>Core</Filter>
    </ClCompile>
    <ClCompile Include="Core\Utility.cpp">
      <Filter>Core</Filter>
    </ClCompile>
    <ClCompile Include="Core\Math\BoundingBox.cpp">
      <Filter>Core\Math</Filter>
    </ClCompile>
    <ClCompile Include="Core\Math\Frustum.cpp">
      <Filter>Core\Math</Filter>
    </ClCompile>
    <ClCompile Include="Core\Math\Random.cpp">
      <Filter>Core\Math</Filter>
    </ClCompile>
    <ClCompile Include="Graphics\Formats.cpp">
      <Filter>Graphics</Filter>
    </ClCompile>
    <ClCompile Include="Graphics\DX12\Formats12.cpp">
      <Filter>Graphics\DX12</Filter>
    </ClCompile>
    <ClCompile Include="Graphics\DX12\Device12.cpp">
      <Filter>Graphics\DX12</Filter>
    </ClCompile>
    <ClCompile Include="Graphics\DX12\Enums12.cpp">
      <Filter>Graphics\DX12</Filter>
    </ClCompile>
    <ClCompile Include="Graphics\VK\FormatsVK.cpp">
      <Filter>Graphics\VK</Filter>
    </ClCompile>
    <ClCompile Include="Graphics\VK\DeviceVK.cpp">
      <Filter>Graphics\VK</Filter>
    </ClCompile>
    <ClCompile Include="Graphics\VK\EnumsVK.cpp">
      <Filter>Graphics\VK</Filter>
    </ClCompile>
    <ClCompile Include="Graphics\DX12\DeviceCaps12.cpp">
      <Filter>Graphics\DX12</Filter>
    </ClCompile>
    <ClCompile Include="Graphics\VK\DeviceCapsVK.cpp">
      <Filter>Graphics\VK</Filter>
    </ClCompile>
    <ClCompile Include="Graphics\VK\VersionVK.cpp">
      <Filter>Graphics\VK</Filter>
    </ClCompile>
    <ClCompile Include="Core\FlagStringMap.cpp">
      <Filter>Core</Filter>
    </ClCompile>
    <ClCompile Include="Graphics\DX12\ColorBuffer12.cpp">
      <Filter>Graphics\DX12</Filter>
    </ClCompile>
    <ClCompile Include="Graphics\GraphicsCommon.cpp">
      <Filter>Graphics</Filter>
    </ClCompile>
    <ClCompile Include="Graphics\DX12\DirectXCommon.cpp">
      <Filter>Graphics\DX12</Filter>
    </ClCompile>
    <ClCompile Include="Graphics\VK\VulkanCommon.cpp">
      <Filter>Graphics\VK</Filter>
    </ClCompile>
    <ClCompile Include="Graphics\VK\DeviceManagerVK.cpp">
      <Filter>Graphics\VK</Filter>
    </ClCompile>
    <ClCompile Include="Graphics\DX12\DeviceManager12.cpp">
      <Filter>Graphics\DX12</Filter>
    </ClCompile>
    <ClCompile Include="Graphics\VK\Generated\LoaderVK.cpp">
      <Filter>Graphics\VK\Generated</Filter>
    </ClCompile>
    <ClCompile Include="Graphics\VK\ExtensionManagerVK.cpp">
      <Filter>Graphics\VK</Filter>
    </ClCompile>
    <ClCompile Include="Graphics\VK\RefCountingVK.cpp">
      <Filter>Graphics\VK</Filter>
    </ClCompile>
    <ClCompile Include="External\D3D12MemoryAllocator\D3D12MemAlloc.cpp">
      <Filter>External\D3D12MemoryAllocator</Filter>
    </ClCompile>
    <ClCompile Include="External\DirectX-Headers\src\d3dx12_property_format_table.cpp">
      <Filter>External\DirectX-Headers\src</Filter>
    </ClCompile>
    <ClCompile Include="External\DirectX-Headers\src\dxguids.cpp">
      <Filter>External\DirectX-Headers\src</Filter>
    </ClCompile>
    <ClCompile Include="Graphics\VK\QueueVK.cpp">
      <Filter>Graphics\VK</Filter>
    </ClCompile>
    <ClCompile Include="Graphics\VK\CommandContextVK.cpp">
      <Filter>Graphics\VK</Filter>
    </ClCompile>
    <ClCompile Include="Graphics\DX12\CommandContext12.cpp">
      <Filter>Graphics\DX12</Filter>
    </ClCompile>
    <ClCompile Include="Graphics\VK\CommandBufferPoolVK.cpp">
      <Filter>Graphics\VK</Filter>
    </ClCompile>
    <ClCompile Include="Graphics\DX12\Queue12.cpp">
      <Filter>Graphics\DX12</Filter>
    </ClCompile>
    <ClCompile Include="Graphics\DX12\DescriptorHeap12.cpp">
      <Filter>Graphics\DX12</Filter>
    </ClCompile>
    <ClCompile Include="Graphics\VK\ColorBufferVK.cpp">
      <Filter>Graphics\VK</Filter>
    </ClCompile>
    <ClCompile Include="Graphics\VK\DepthBufferVK.cpp">
      <Filter>Graphics\VK</Filter>
    </ClCompile>
    <ClCompile Include="Graphics\DX12\DepthBuffer12.cpp">
      <Filter>Graphics\DX12</Filter>
    </ClCompile>
    <ClCompile Include="Graphics\DX12\CommandAllocatorPool12.cpp">
      <Filter>Graphics\DX12</Filter>
    </ClCompile>
    <ClCompile Include="Graphics\VK\PixelBufferVK.cpp">
      <Filter>Graphics\VK</Filter>
    </ClCompile>
    <ClCompile Include="Graphics\DX12\PixelBuffer12.cpp">
      <Filter>Graphics\DX12</Filter>
    </ClCompile>
    <ClCompile Include="Graphics\DX12\GpuResource12.cpp">
      <Filter>Graphics\DX12</Filter>
    </ClCompile>
  </ItemGroup>
  <ItemGroup>
    <ClInclude Include="Application.h" />
    <ClInclude Include="FileSystem.h" />
    <ClInclude Include="InputSystem.h" />
    <ClInclude Include="LogSystem.h" />
    <ClInclude Include="Stdafx.h" />
    <ClInclude Include="Core\BitmaskEnum.h">
      <Filter>Core</Filter>
    </ClInclude>
    <ClInclude Include="Core\Color.h">
      <Filter>Core</Filter>
    </ClInclude>
    <ClInclude Include="Core\CoreEnums.h">
      <Filter>Core</Filter>
    </ClInclude>
    <ClInclude Include="Core\DWParam.h">
      <Filter>Core</Filter>
    </ClInclude>
    <ClInclude Include="Core\Hash.h">
      <Filter>Core</Filter>
    </ClInclude>
    <ClInclude Include="Core\NonCopyable.h">
      <Filter>Core</Filter>
    </ClInclude>
    <ClInclude Include="Core\NonMovable.h">
      <Filter>Core</Filter>
    </ClInclude>
    <ClInclude Include="Core\IntrusivePtr.h">
      <Filter>Core</Filter>
    </ClInclude>
    <ClInclude Include="Core\Utility.h">
      <Filter>Core</Filter>
    </ClInclude>
    <ClInclude Include="Core\VectorMath.h">
      <Filter>Core</Filter>
    </ClInclude>
    <ClInclude Include="Core\Math\BoundingBox.h">
      <Filter>Core\Math</Filter>
    </ClInclude>
    <ClInclude Include="Core\Math\BoundingPlane.h">
      <Filter>Core\Math</Filter>
    </ClInclude>
    <ClInclude Include="Core\Math\BoundingSphere.h">
      <Filter>Core\Math</Filter>
    </ClInclude>
    <ClInclude Include="Core\Math\CommonMath.h">
      <Filter>Core\Math</Filter>
    </ClInclude>
    <ClInclude Include="Core\Math\Frustum.h">
      <Filter>Core\Math</Filter>
    </ClInclude>
    <ClInclude Include="Core\Math\Matrix3.h">
      <Filter>Core\Math</Filter>
    </ClInclude>
    <ClInclude Include="Core\Math\Matrix4.h">
      <Filter>Core\Math</Filter>
    </ClInclude>
    <ClInclude Include="Core\Math\Quaternion.h">
      <Filter>Core\Math</Filter>
    </ClInclude>
    <ClInclude Include="Core\Math\Random.h">
      <Filter>Core\Math</Filter>
    </ClInclude>
    <ClInclude Include="Core\Math\Scalar.h">
      <Filter>Core\Math</Filter>
    </ClInclude>
    <ClInclude Include="Core\Math\Transform.h">
      <Filter>Core\Math</Filter>
    </ClInclude>
    <ClInclude Include="Core\Math\Vector.h">
      <Filter>Core\Math</Filter>
    </ClInclude>
    <ClInclude Include="Graphics\Formats.h">
      <Filter>Graphics</Filter>
    </ClInclude>
    <ClInclude Include="Graphics\Enums.h">
      <Filter>Graphics</Filter>
    </ClInclude>
    <ClInclude Include="Graphics\DX12\Formats12.h">
      <Filter>Graphics\DX12</Filter>
    </ClInclude>
    <ClInclude Include="Graphics\DX12\Device12.h">
      <Filter>Graphics\DX12</Filter>
    </ClInclude>
    <ClInclude Include="Graphics\DX12\Enums12.h">
      <Filter>Graphics\DX12</Filter>
    </ClInclude>
    <ClInclude Include="Graphics\VK\FormatsVK.h">
      <Filter>Graphics\VK</Filter>
    </ClInclude>
    <ClInclude Include="Graphics\VK\DeviceVK.h">
      <Filter>Graphics\VK</Filter>
    </ClInclude>
    <ClInclude Include="Graphics\VK\EnumsVK.h">
      <Filter>Graphics\VK</Filter>
    </ClInclude>
    <ClInclude Include="Graphics\DX12\DeviceCaps12.h">
      <Filter>Graphics\DX12</Filter>
    </ClInclude>
    <ClInclude Include="Graphics\VK\RefCountingVK.h">
      <Filter>Graphics\VK</Filter>
    </ClInclude>
    <ClInclude Include="Core\IObject.h">
      <Filter>Core</Filter>
    </ClInclude>
    <ClInclude Include="Graphics\VK\DeviceCapsVK.h">
      <Filter>Graphics\VK</Filter>
    </ClInclude>
    <ClInclude Include="Graphics\VK\VersionVK.h">
      <Filter>Graphics\VK</Filter>
    </ClInclude>
    <ClInclude Include="Graphics\DX12\Strings12.h">
      <Filter>Graphics\DX12</Filter>
    </ClInclude>
    <ClInclude Include="Graphics\VK\StringsVK.h">
      <Filter>Graphics\VK</Filter>
    </ClInclude>
    <ClInclude Include="Core\FlagStringMap.h">
      <Filter>Core</Filter>
    </ClInclude>
    <ClInclude Include="Graphics\VK\FlagsVK.h">
      <Filter>Graphics\VK</Filter>
    </ClInclude>
    <ClInclude Include="Graphics\DX12\Flags12.h">
      <Filter>Graphics\DX12</Filter>
    </ClInclude>
    <ClInclude Include="Graphics\Interfaces.h">
      <Filter>Graphics</Filter>
    </ClInclude>
    <ClInclude Include="Graphics\DX12\ColorBuffer12.h">
      <Filter>Graphics\DX12</Filter>
    </ClInclude>
    <ClInclude Include="Graphics\GraphicsCommon.h">
      <Filter>Graphics</Filter>
    </ClInclude>
    <ClInclude Include="Graphics\DX12\DirectXCommon.h">
      <Filter>Graphics\DX12</Filter>
    </ClInclude>
    <ClInclude Include="Graphics\VK\VulkanCommon.h">
      <Filter>Graphics\VK</Filter>
    </ClInclude>
    <ClInclude Include="Graphics\VK\DeviceManagerVK.h">
      <Filter>Graphics\VK</Filter>
    </ClInclude>
    <ClInclude Include="Graphics\DX12\DeviceManager12.h">
      <Filter>Graphics\DX12</Filter>
    </ClInclude>
    <ClInclude Include="Graphics\VK\Generated\LoaderVK.h">
      <Filter>Graphics\VK\Generated</Filter>
    </ClInclude>
    <ClInclude Include="Graphics\VK\ExtensionManagerVK.h">
      <Filter>Graphics\VK</Filter>
    </ClInclude>
    <ClInclude Include="External\CLI11\CLI\App.hpp">
      <Filter>External\CL11</Filter>
    </ClInclude>
    <ClInclude Include="External\CLI11\CLI\Argv.hpp">
      <Filter>External\CL11</Filter>
    </ClInclude>
    <ClInclude Include="External\CLI11\CLI\CLI.hpp">
      <Filter>External\CL11</Filter>
    </ClInclude>
    <ClInclude Include="External\CLI11\CLI\Config.hpp">
      <Filter>External\CL11</Filter>
    </ClInclude>
    <ClInclude Include="External\CLI11\CLI\ConfigFwd.hpp">
      <Filter>External\CL11</Filter>
    </ClInclude>
    <ClInclude Include="External\CLI11\CLI\Encoding.hpp">
      <Filter>External\CL11</Filter>
    </ClInclude>
    <ClInclude Include="External\CLI11\CLI\Error.hpp">
      <Filter>External\CL11</Filter>
    </ClInclude>
    <ClInclude Include="External\CLI11\CLI\Formatter.hpp">
      <Filter>External\CL11</Filter>
    </ClInclude>
    <ClInclude Include="External\CLI11\CLI\FormatterFwd.hpp">
      <Filter>External\CL11</Filter>
    </ClInclude>
    <ClInclude Include="External\CLI11\CLI\Macros.hpp">
      <Filter>External\CL11</Filter>
    </ClInclude>
    <ClInclude Include="External\CLI11\CLI\Option.hpp">
      <Filter>External\CL11</Filter>
    </ClInclude>
    <ClInclude Include="External\CLI11\CLI\Split.hpp">
      <Filter>External\CL11</Filter>
    </ClInclude>
    <ClInclude Include="External\CLI11\CLI\StringTools.hpp">
      <Filter>External\CL11</Filter>
    </ClInclude>
    <ClInclude Include="External\CLI11\CLI\Timer.hpp">
      <Filter>External\CL11</Filter>
    </ClInclude>
    <ClInclude Include="External\CLI11\CLI\TypeTools.hpp">
      <Filter>External\CL11</Filter>
    </ClInclude>
    <ClInclude Include="External\CLI11\CLI\Validators.hpp">
      <Filter>External\CL11</Filter>
    </ClInclude>
    <ClInclude Include="External\CLI11\CLI\Version.hpp">
      <Filter>External\CL11</Filter>
    </ClInclude>
    <ClInclude Include="External\D3D12MemoryAllocator\D3D12MemAlloc.h">
      <Filter>External\D3D12MemoryAllocator</Filter>
    </ClInclude>
    <ClInclude Include="External\VulkanMemoryAllocator\vk_mem_alloc.h">
      <Filter>External\VulkanMemoryAllocator</Filter>
    </ClInclude>
    <ClInclude Include="External\DirectX-Headers\include\dxguids\dxguids.h">
      <Filter>External\DirectX-Headers\include\dxguids</Filter>
    </ClInclude>
    <ClInclude Include="External\DirectX-Headers\include\directx\d3d12sdklayers.h">
      <Filter>External\DirectX-Headers\include\directx</Filter>
    </ClInclude>
    <ClInclude Include="External\DirectX-Headers\include\directx\d3d12shader.h">
      <Filter>External\DirectX-Headers\include\directx</Filter>
    </ClInclude>
    <ClInclude Include="External\DirectX-Headers\include\directx\D3D12TokenizedProgramFormat.hpp">
      <Filter>External\DirectX-Headers\include\directx</Filter>
    </ClInclude>
    <ClInclude Include="External\DirectX-Headers\include\directx\d3d12video.h">
      <Filter>External\DirectX-Headers\include\directx</Filter>
    </ClInclude>
    <ClInclude Include="External\DirectX-Headers\include\directx\d3dcommon.h">
      <Filter>External\DirectX-Headers\include\directx</Filter>
    </ClInclude>
    <ClInclude Include="External\DirectX-Headers\include\directx\d3dx12.h">
      <Filter>External\DirectX-Headers\include\directx</Filter>
    </ClInclude>
    <ClInclude Include="External\DirectX-Headers\include\directx\d3dx12_barriers.h">
      <Filter>External\DirectX-Headers\include\directx</Filter>
    </ClInclude>
    <ClInclude Include="External\DirectX-Headers\include\directx\d3dx12_check_feature_support.h">
      <Filter>External\DirectX-Headers\include\directx</Filter>
    </ClInclude>
    <ClInclude Include="External\DirectX-Headers\include\directx\d3dx12_core.h">
      <Filter>External\DirectX-Headers\include\directx</Filter>
    </ClInclude>
    <ClInclude Include="External\DirectX-Headers\include\directx\d3dx12_default.h">
      <Filter>External\DirectX-Headers\include\directx</Filter>
    </ClInclude>
    <ClInclude Include="External\DirectX-Headers\include\directx\d3dx12_pipeline_state_stream.h">
      <Filter>External\DirectX-Headers\include\directx</Filter>
    </ClInclude>
    <ClInclude Include="External\DirectX-Headers\include\directx\d3dx12_property_format_table.h">
      <Filter>External\DirectX-Headers\include\directx</Filter>
    </ClInclude>
    <ClInclude Include="External\DirectX-Headers\include\directx\d3dx12_render_pass.h">
      <Filter>External\DirectX-Headers\include\directx</Filter>
    </ClInclude>
    <ClInclude Include="External\DirectX-Headers\include\directx\d3dx12_resource_helpers.h">
      <Filter>External\DirectX-Headers\include\directx</Filter>
    </ClInclude>
    <ClInclude Include="External\DirectX-Headers\include\directx\d3dx12_root_signature.h">
      <Filter>External\DirectX-Headers\include\directx</Filter>
    </ClInclude>
    <ClInclude Include="External\DirectX-Headers\include\directx\d3dx12_state_object.h">
      <Filter>External\DirectX-Headers\include\directx</Filter>
    </ClInclude>
    <ClInclude Include="External\DirectX-Headers\include\directx\dxcore.h">
      <Filter>External\DirectX-Headers\include\directx</Filter>
    </ClInclude>
    <ClInclude Include="External\DirectX-Headers\include\directx\dxcore_interface.h">
      <Filter>External\DirectX-Headers\include\directx</Filter>
    </ClInclude>
    <ClInclude Include="External\DirectX-Headers\include\directx\dxgicommon.h">
      <Filter>External\DirectX-Headers\include\directx</Filter>
    </ClInclude>
    <ClInclude Include="External\DirectX-Headers\include\directx\dxgiformat.h">
      <Filter>External\DirectX-Headers\include\directx</Filter>
    </ClInclude>
    <ClInclude Include="Graphics\VK\QueueVK.h">
      <Filter>Graphics\VK</Filter>
    </ClInclude>
    <ClInclude Include="Graphics\VK\CommandContextVK.h">
      <Filter>Graphics\VK</Filter>
    </ClInclude>
    <ClInclude Include="Graphics\DX12\CommandContext12.h">
      <Filter>Graphics\DX12</Filter>
    </ClInclude>
    <ClInclude Include="Graphics\VK\CommandBufferPoolVK.h">
      <Filter>Graphics\VK</Filter>
    </ClInclude>
    <ClInclude Include="Graphics\DX12\Queue12.h">
      <Filter>Graphics\DX12</Filter>
    </ClInclude>
    <ClInclude Include="Graphics\DX12\DescriptorHeap12.h">
      <Filter>Graphics\DX12</Filter>
    </ClInclude>
    <ClInclude Include="Graphics\VK\ColorBufferVK.h">
      <Filter>Graphics\VK</Filter>
    </ClInclude>
    <ClInclude Include="Graphics\VK\CreationParamsVK.h">
      <Filter>Graphics\VK</Filter>
    </ClInclude>
    <ClInclude Include="Graphics\VK\DepthBufferVK.h">
      <Filter>Graphics\VK</Filter>
    </ClInclude>
    <ClInclude Include="Graphics\DX12\DepthBuffer12.h">
      <Filter>Graphics\DX12</Filter>
    </ClInclude>
    <ClInclude Include="Graphics\CreationParams.h">
      <Filter>Graphics</Filter>
    </ClInclude>
    <ClInclude Include="Graphics\DX12\CommandAllocatorPool12.h">
      <Filter>Graphics\DX12</Filter>
    </ClInclude>
    <ClInclude Include="Graphics\DX12\GpuResource12.h">
      <Filter>Graphics\DX12</Filter>
    </ClInclude>
    <ClInclude Include="Graphics\DX12\PixelBuffer12.h">
      <Filter>Graphics\DX12</Filter>
    </ClInclude>
    <ClInclude Include="Graphics\VK\GpuResourceVK.h">
      <Filter>Graphics\VK</Filter>
    </ClInclude>
    <ClInclude Include="Graphics\VK\PixelBufferVK.h">
      <Filter>Graphics\VK</Filter>
    </ClInclude>
  </ItemGroup>
  <ItemGroup>
    <Filter Include="Core">
      <UniqueIdentifier>{4e41e052-a22a-454a-8bf8-0fb26633725f}</UniqueIdentifier>
    </Filter>
    <Filter Include="Core\Math">
      <UniqueIdentifier>{bdc45c48-5599-4569-bef4-f7deef0f83eb}</UniqueIdentifier>
    </Filter>
    <Filter Include="Graphics">
      <UniqueIdentifier>{36ec3c2a-c68e-4698-89cd-4aaff153bb6d}</UniqueIdentifier>
    </Filter>
    <Filter Include="Graphics\DX12">
      <UniqueIdentifier>{43bb422b-f8ee-4ced-a375-6672d6f805ad}</UniqueIdentifier>
    </Filter>
    <Filter Include="Graphics\VK">
      <UniqueIdentifier>{6548dbab-f2e7-4d61-90b8-300558ea1af8}</UniqueIdentifier>
    </Filter>
    <Filter Include="Graphics\VK\Generated">
      <UniqueIdentifier>{77a9d03f-3c9c-4d73-841f-a4b9a44bf949}</UniqueIdentifier>
    </Filter>
    <Filter Include="External">
      <UniqueIdentifier>{e1fa5e13-b8e2-4edc-9162-d7c7a5581939}</UniqueIdentifier>
    </Filter>
    <Filter Include="External\CL11">
      <UniqueIdentifier>{be8f8507-d4f7-4c03-bb0a-a06b7115adad}</UniqueIdentifier>
    </Filter>
    <Filter Include="External\D3D12MemoryAllocator">
      <UniqueIdentifier>{a2069ef2-759f-455f-86af-9aff63341768}</UniqueIdentifier>
    </Filter>
    <Filter Include="External\VulkanMemoryAllocator">
      <UniqueIdentifier>{4fd9ab76-b403-48fe-9966-c9e30126f096}</UniqueIdentifier>
    </Filter>
    <Filter Include="External\DirectX-Headers">
      <UniqueIdentifier>{e19ed28f-9039-4cf3-8c11-dd282d56d7fb}</UniqueIdentifier>
    </Filter>
    <Filter Include="External\DirectX-Headers\include">
      <UniqueIdentifier>{b53f8190-5688-4d54-8073-a54e02af25cc}</UniqueIdentifier>
    </Filter>
    <Filter Include="External\DirectX-Headers\src">
      <UniqueIdentifier>{91343ba9-8c60-4621-934c-655db949bed4}</UniqueIdentifier>
    </Filter>
    <Filter Include="External\DirectX-Headers\include\directx">
      <UniqueIdentifier>{46f9c472-d5da-4cd6-9557-2b55e28eb4f2}</UniqueIdentifier>
    </Filter>
    <Filter Include="External\DirectX-Headers\include\dxguids">
      <UniqueIdentifier>{9999ad33-36bb-4567-8037-baf1e19d4949}</UniqueIdentifier>
    </Filter>
  </ItemGroup>
  <ItemGroup>
    <None Include="Core\Math\Functions.inl">
      <Filter>Core\Math</Filter>
    </None>
  </ItemGroup>
</Project>